
Microsoft Visual Studio Solution File, Format Version 12.00
# Visual Studio 14
VisualStudioVersion = 14.0.25123.0
MinimumVisualStudioVersion = 10.0.40219.1
Project("{FAE04EC0-301F-11D3-BF4B-00C04F79EFBC}") = "ProductsMyDemo", "ProductsMyDemo\ProductsMyDemo.csproj", "{FE586A86-17D0-4BC3-8E1E-0689A628AFC4}"
EndProject
Global
	GlobalSection(SolutionConfigurationPlatforms) = preSolution
		Debug|Any CPU = Debug|Any CPU
		Release|Any CPU = Release|Any CPU
	EndGlobalSection
	GlobalSection(ProjectConfigurationPlatforms) = postSolution
		{FE586A86-17D0-4BC3-8E1E-0689A628AFC4}.Debug|Any CPU.ActiveCfg = Debug|Any CPU
		{FE586A86-17D0-4BC3-8E1E-0689A628AFC4}.Debug|Any CPU.Build.0 = Debug|Any CPU
		{FE586A86-17D0-4BC3-8E1E-0689A628AFC4}.Release|Any CPU.ActiveCfg = Release|Any CPU
		{FE586A86-17D0-4BC3-8E1E-0689A628AFC4}.Release|Any CPU.Build.0 = Release|Any CPU
	EndGlobalSection
	GlobalSection(SolutionProperties) = preSolution
		HideSolutionNode = FALSE
	EndGlobalSection
EndGlobal
